
Microsoft Visual Studio Solution File, Format Version 12.00
# Visual Studio Version 17
VisualStudioVersion = 17.3.32929.385
MinimumVisualStudioVersion = 10.0.40219.1
Project("{8BC9CEB8-8B4A-11D0-8D11-00A0C91BC942}") = "Laboratorna 6_1", "Laboratorna 6_1\Laboratorna 6_1.vcxproj", "{F7E29B8C-5A4A-43DF-B982-E82919CECCBF}"
EndProject
Project("{8BC9CEB8-8B4A-11D0-8D11-00A0C91BC942}") = "UnitTest_for_6_1", "UnitTest_for_6_1\UnitTest_for_6_1.vcxproj", "{31900DE1-B5F6-4570-A691-6F1D414FCD23}"
EndProject
Global
	GlobalSection(SolutionConfigurationPlatforms) = preSolution
		Debug|x64 = Debug|x64
		Debug|x86 = Debug|x86
		Release|x64 = Release|x64
		Release|x86 = Release|x86
	EndGlobalSection
	GlobalSection(ProjectConfigurationPlatforms) = postSolution
		{F7E29B8C-5A4A-43DF-B982-E82919CECCBF}.Debug|x64.ActiveCfg = Debug|x64
		{F7E29B8C-5A4A-43DF-B982-E82919CECCBF}.Debug|x64.Build.0 = Debug|x64
		{F7E29B8C-5A4A-43DF-B982-E82919CECCBF}.Debug|x86.ActiveCfg = Debug|Win32
		{F7E29B8C-5A4A-43DF-B982-E82919CECCBF}.Debug|x86.Build.0 = Debug|Win32
		{F7E29B8C-5A4A-43DF-B982-E82919CECCBF}.Release|x64.ActiveCfg = Release|x64
		{F7E29B8C-5A4A-43DF-B982-E82919CECCBF}.Release|x64.Build.0 = Release|x64
		{F7E29B8C-5A4A-43DF-B982-E82919CECCBF}.Release|x86.ActiveCfg = Release|Win32
		{F7E29B8C-5A4A-43DF-B982-E82919CECCBF}.Release|x86.Build.0 = Release|Win32
		{31900DE1-B5F6-4570-A691-6F1D414FCD23}.Debug|x64.ActiveCfg = Debug|x64
		{31900DE1-B5F6-4570-A691-6F1D414FCD23}.Debug|x64.Build.0 = Debug|x64
		{31900DE1-B5F6-4570-A691-6F1D414FCD23}.Debug|x86.ActiveCfg = Debug|Win32
		{31900DE1-B5F6-4570-A691-6F1D414FCD23}.Debug|x86.Build.0 = Debug|Win32
		{31900DE1-B5F6-4570-A691-6F1D414FCD23}.Release|x64.ActiveCfg = Release|x64
		{31900DE1-B5F6-4570-A691-6F1D414FCD23}.Release|x64.Build.0 = Release|x64
		{31900DE1-B5F6-4570-A691-6F1D414FCD23}.Release|x86.ActiveCfg = Release|Win32
		{31900DE1-B5F6-4570-A691-6F1D414FCD23}.Release|x86.Build.0 = Release|Win32
	EndGlobalSection
	GlobalSection(SolutionProperties) = preSolution
		HideSolutionNode = FALSE
	EndGlobalSection
	GlobalSection(ExtensibilityGlobals) = postSolution
		SolutionGuid = {8B711680-0DC1-413C-ADD0-08DC3FF3850A}
	EndGlobalSection
EndGlobal
